
Microsoft Visual Studio Solution File, Format Version 12.00
# Visual Studio Version 16
VisualStudioVersion = 16.0.28803.156
MinimumVisualStudioVersion = 10.0.40219.1
Project("{FAE04EC0-301F-11D3-BF4B-00C04F79EFBC}") = "CSharpRevision", "CSharpRevision.csproj", "{1289DCA2-AC5E-45C4-8802-184EEBF32216}"
EndProject
Global
	GlobalSection(SolutionConfigurationPlatforms) = preSolution
		Debug|Any CPU = Debug|Any CPU
		Release|Any CPU = Release|Any CPU
	EndGlobalSection
	GlobalSection(ProjectConfigurationPlatforms) = postSolution
		{1289DCA2-AC5E-45C4-8802-184EEBF32216}.Debug|Any CPU.ActiveCfg = Debug|Any CPU
		{1289DCA2-AC5E-45C4-8802-184EEBF32216}.Debug|Any CPU.Build.0 = Debug|Any CPU
		{1289DCA2-AC5E-45C4-8802-184EEBF32216}.Release|Any CPU.ActiveCfg = Release|Any CPU
		{1289DCA2-AC5E-45C4-8802-184EEBF32216}.Release|Any CPU.Build.0 = Release|Any CPU
	EndGlobalSection
	GlobalSection(SolutionProperties) = preSolution
		HideSolutionNode = FALSE
	EndGlobalSection
	GlobalSection(ExtensibilityGlobals) = postSolution
		SolutionGuid = {980573B5-4431-4205-9FDC-F2B0A434D97A}
	EndGlobalSection
EndGlobal
